
Microsoft Visual Studio Solution File, Format Version 12.00
# Visual Studio Version 16
VisualStudioVersion = 16.0.30523.141
MinimumVisualStudioVersion = 10.0.40219.1
Project("{9A19103F-16F7-4668-BE54-9A1E7A4F7556}") = "Chat", "Chat.csproj", "{A3E6E5A4-4711-4C7D-ABC3-AED74608C7DE}"
EndProject
Project("{9A19103F-16F7-4668-BE54-9A1E7A4F7556}") = "Chat_Server", "..\Chat_Server\Chat_Server.csproj", "{72D970DF-0C53-472B-9BCD-0173800C6A9E}"
EndProject
Global
	GlobalSection(SolutionConfigurationPlatforms) = preSolution
		Debug|Any CPU = Debug|Any CPU
		Release|Any CPU = Release|Any CPU
	EndGlobalSection
	GlobalSection(ProjectConfigurationPlatforms) = postSolution
		{A3E6E5A4-4711-4C7D-ABC3-AED74608C7DE}.Debug|Any CPU.ActiveCfg = Debug|Any CPU
		{A3E6E5A4-4711-4C7D-ABC3-AED74608C7DE}.Debug|Any CPU.Build.0 = Debug|Any CPU
		{A3E6E5A4-4711-4C7D-ABC3-AED74608C7DE}.Release|Any CPU.ActiveCfg = Release|Any CPU
		{A3E6E5A4-4711-4C7D-ABC3-AED74608C7DE}.Release|Any CPU.Build.0 = Release|Any CPU
		{72D970DF-0C53-472B-9BCD-0173800C6A9E}.Debug|Any CPU.ActiveCfg = Debug|Any CPU
		{72D970DF-0C53-472B-9BCD-0173800C6A9E}.Debug|Any CPU.Build.0 = Debug|Any CPU
		{72D970DF-0C53-472B-9BCD-0173800C6A9E}.Release|Any CPU.ActiveCfg = Release|Any CPU
		{72D970DF-0C53-472B-9BCD-0173800C6A9E}.Release|Any CPU.Build.0 = Release|Any CPU
	EndGlobalSection
	GlobalSection(SolutionProperties) = preSolution
		HideSolutionNode = FALSE
	EndGlobalSection
	GlobalSection(ExtensibilityGlobals) = postSolution
		SolutionGuid = {1C9B428C-0760-418F-8584-700E9783B50A}
	EndGlobalSection
EndGlobal
